
Microsoft Visual Studio Solution File, Format Version 12.00
# Visual Studio 2012
Project("{2150E333-8FDC-42A3-9474-1A3956D46DE8}") = "src", "src", "{190D35D3-D519-41F9-82AE-195EB820847B}"
EndProject
Project("{2150E333-8FDC-42A3-9474-1A3956D46DE8}") = "test", "test", "{443652F7-227F-4CB7-9243-CBCE987D38FD}"
EndProject
Project("{FAE04EC0-301F-11D3-BF4B-00C04F79EFBC}") = "NoSuchCompany.Diagnostics.Tests", "test\NoSuchCompany.Diagnostics.Tests\NoSuchCompany.Diagnostics.Tests.csproj", "{2B5016D8-126F-4133-81DE-4D1489D2E264}"
EndProject
Project("{FAE04EC0-301F-11D3-BF4B-00C04F79EFBC}") = "NoSuchCompany.Diagnostics", "src\NoSuchCompany.Diagnostics\NoSuchCompany.Diagnostics.csproj", "{E2234E14-5E74-48FD-BD84-AE3D55425CFD}"
EndProject
Global
	GlobalSection(SolutionConfigurationPlatforms) = preSolution
		Debug|Any CPU = Debug|Any CPU
		Release|Any CPU = Release|Any CPU
	EndGlobalSection
	GlobalSection(ProjectConfigurationPlatforms) = postSolution
		{2B5016D8-126F-4133-81DE-4D1489D2E264}.Debug|Any CPU.ActiveCfg = Debug|Any CPU
		{2B5016D8-126F-4133-81DE-4D1489D2E264}.Debug|Any CPU.Build.0 = Debug|Any CPU
		{2B5016D8-126F-4133-81DE-4D1489D2E264}.Release|Any CPU.ActiveCfg = Release|Any CPU
		{2B5016D8-126F-4133-81DE-4D1489D2E264}.Release|Any CPU.Build.0 = Release|Any CPU
		{E2234E14-5E74-48FD-BD84-AE3D55425CFD}.Debug|Any CPU.ActiveCfg = Debug|Any CPU
		{E2234E14-5E74-48FD-BD84-AE3D55425CFD}.Debug|Any CPU.Build.0 = Debug|Any CPU
		{E2234E14-5E74-48FD-BD84-AE3D55425CFD}.Release|Any CPU.ActiveCfg = Release|Any CPU
		{E2234E14-5E74-48FD-BD84-AE3D55425CFD}.Release|Any CPU.Build.0 = Release|Any CPU
	EndGlobalSection
	GlobalSection(NestedProjects) = preSolution
		{2B5016D8-126F-4133-81DE-4D1489D2E264} = {443652F7-227F-4CB7-9243-CBCE987D38FD}
		{E2234E14-5E74-48FD-BD84-AE3D55425CFD} = {190D35D3-D519-41F9-82AE-195EB820847B}
	EndGlobalSection
EndGlobal
